// !$*UTF8*$!
{
	archiveVersion = 1;
	classes = {
	};
	objectVersion = 55;
	objects = {

/* Begin PBXBuildFile section */
		0715B7852A5C6F9E00FF07E6 /* LoadingIndicatorView.swift in Sources */ = {isa = PBXBuildFile; fileRef = 0715B7842A5C6F9E00FF07E6 /* LoadingIndicatorView.swift */; };
		07B2EB1C2A440EC80081DBF5 /* AppDelegate.swift in Sources */ = {isa = PBXBuildFile; fileRef = 07B2EB1B2A440EC80081DBF5 /* AppDelegate.swift */; };
		07B2EB1E2A440EC80081DBF5 /* SceneDelegate.swift in Sources */ = {isa = PBXBuildFile; fileRef = 07B2EB1D2A440EC80081DBF5 /* SceneDelegate.swift */; };
		07B2EB232A440EC80081DBF5 /* Main.storyboard in Resources */ = {isa = PBXBuildFile; fileRef = 07B2EB212A440EC80081DBF5 /* Main.storyboard */; };
		07B2EB252A440ECB0081DBF5 /* Assets.xcassets in Resources */ = {isa = PBXBuildFile; fileRef = 07B2EB242A440ECB0081DBF5 /* Assets.xcassets */; };
		07B2EB282A440ECB0081DBF5 /* LaunchScreen.storyboard in Resources */ = {isa = PBXBuildFile; fileRef = 07B2EB262A440ECB0081DBF5 /* LaunchScreen.storyboard */; };
		07B2EB322A44100F0081DBF5 /* Products.swift in Sources */ = {isa = PBXBuildFile; fileRef = 07B2EB312A44100F0081DBF5 /* Products.swift */; };
		07B2EB362A44101D0081DBF5 /* HomeController.swift in Sources */ = {isa = PBXBuildFile; fileRef = 07B2EB342A44101D0081DBF5 /* HomeController.swift */; };
		07B2EB372A44101D0081DBF5 /* ProductListCell.swift in Sources */ = {isa = PBXBuildFile; fileRef = 07B2EB352A44101D0081DBF5 /* ProductListCell.swift */; };
		07B2EB3A2A44102C0081DBF5 /* HomePresenter.swift in Sources */ = {isa = PBXBuildFile; fileRef = 07B2EB392A44102C0081DBF5 /* HomePresenter.swift */; };
		07B2EB402A4410480081DBF5 /* ProductDescriptionTableViewCell.swift in Sources */ = {isa = PBXBuildFile; fileRef = 07B2EB3C2A4410480081DBF5 /* ProductDescriptionTableViewCell.swift */; };
		07B2EB412A4410480081DBF5 /* ProductDetailsViewController.swift in Sources */ = {isa = PBXBuildFile; fileRef = 07B2EB3D2A4410480081DBF5 /* ProductDetailsViewController.swift */; };
		07B2EB422A4410480081DBF5 /* ProductImageCell.swift in Sources */ = {isa = PBXBuildFile; fileRef = 07B2EB3E2A4410480081DBF5 /* ProductImageCell.swift */; };
		07B2EB432A4410480081DBF5 /* ImageDescriptionTableViewCell.swift in Sources */ = {isa = PBXBuildFile; fileRef = 07B2EB3F2A4410480081DBF5 /* ImageDescriptionTableViewCell.swift */; };
		07B2EB472A4411DB0081DBF5 /* BaseClass.swift in Sources */ = {isa = PBXBuildFile; fileRef = 07B2EB452A4411DB0081DBF5 /* BaseClass.swift */; };
		07B2EB4B2A47FB3E0081DBF5 /* ApiManager.swift in Sources */ = {isa = PBXBuildFile; fileRef = 07B2EB4A2A47FB3E0081DBF5 /* ApiManager.swift */; };
		07B2EB4E2A49521B0081DBF5 /* BasePresenter.swift in Sources */ = {isa = PBXBuildFile; fileRef = 07B2EB4D2A49521B0081DBF5 /* BasePresenter.swift */; };
		2A56AC398A991AA7A20F03B9 /* Pods_MVP_List_demo.framework in Frameworks */ = {isa = PBXBuildFile; fileRef = 8E7F1FC558ACA8DDEC9D51B1 /* Pods_MVP_List_demo.framework */; };
/* End PBXBuildFile section */

/* Begin PBXFileReference section */
		0715B7842A5C6F9E00FF07E6 /* LoadingIndicatorView.swift */ = {isa = PBXFileReference; lastKnownFileType = sourcecode.swift; path = LoadingIndicatorView.swift; sourceTree = "<group>"; };
		07B2EB182A440EC80081DBF5 /* MVP-List-demo.app */ = {isa = PBXFileReference; explicitFileType = wrapper.application; includeInIndex = 0; path = "MVP-List-demo.app"; sourceTree = BUILT_PRODUCTS_DIR; };
		07B2EB1B2A440EC80081DBF5 /* AppDelegate.swift */ = {isa = PBXFileReference; lastKnownFileType = sourcecode.swift; path = AppDelegate.swift; sourceTree = "<group>"; };
		07B2EB1D2A440EC80081DBF5 /* SceneDelegate.swift */ = {isa = PBXFileReference; lastKnownFileType = sourcecode.swift; path = SceneDelegate.swift; sourceTree = "<group>"; };
		07B2EB222A440EC80081DBF5 /* Base */ = {isa = PBXFileReference; lastKnownFileType = file.storyboard; name = Base; path = Base.lproj/Main.storyboard; sourceTree = "<group>"; };
		07B2EB242A440ECB0081DBF5 /* Assets.xcassets */ = {isa = PBXFileReference; lastKnownFileType = folder.assetcatalog; path = Assets.xcassets; sourceTree = "<group>"; };
		07B2EB272A440ECB0081DBF5 /* Base */ = {isa = PBXFileReference; lastKnownFileType = file.storyboard; name = Base; path = Base.lproj/LaunchScreen.storyboard; sourceTree = "<group>"; };
		07B2EB292A440ECB0081DBF5 /* Info.plist */ = {isa = PBXFileReference; lastKnownFileType = text.plist.xml; path = Info.plist; sourceTree = "<group>"; };
		07B2EB312A44100F0081DBF5 /* Products.swift */ = {isa = PBXFileReference; fileEncoding = 4; lastKnownFileType = sourcecode.swift; path = Products.swift; sourceTree = "<group>"; };
		07B2EB342A44101D0081DBF5 /* HomeController.swift */ = {isa = PBXFileReference; fileEncoding = 4; lastKnownFileType = sourcecode.swift; path = HomeController.swift; sourceTree = "<group>"; };
		07B2EB352A44101D0081DBF5 /* ProductListCell.swift */ = {isa = PBXFileReference; fileEncoding = 4; lastKnownFileType = sourcecode.swift; path = ProductListCell.swift; sourceTree = "<group>"; };
		07B2EB392A44102C0081DBF5 /* HomePresenter.swift */ = {isa = PBXFileReference; fileEncoding = 4; lastKnownFileType = sourcecode.swift; path = HomePresenter.swift; sourceTree = "<group>"; };
		07B2EB3C2A4410480081DBF5 /* ProductDescriptionTableViewCell.swift */ = {isa = PBXFileReference; fileEncoding = 4; lastKnownFileType = sourcecode.swift; path = ProductDescriptionTableViewCell.swift; sourceTree = "<group>"; };
		07B2EB3D2A4410480081DBF5 /* ProductDetailsViewController.swift */ = {isa = PBXFileReference; fileEncoding = 4; lastKnownFileType = sourcecode.swift; path = ProductDetailsViewController.swift; sourceTree = "<group>"; };
		07B2EB3E2A4410480081DBF5 /* ProductImageCell.swift */ = {isa = PBXFileReference; fileEncoding = 4; lastKnownFileType = sourcecode.swift; path = ProductImageCell.swift; sourceTree = "<group>"; };
		07B2EB3F2A4410480081DBF5 /* ImageDescriptionTableViewCell.swift */ = {isa = PBXFileReference; fileEncoding = 4; lastKnownFileType = sourcecode.swift; path = ImageDescriptionTableViewCell.swift; sourceTree = "<group>"; };
		07B2EB452A4411DB0081DBF5 /* BaseClass.swift */ = {isa = PBXFileReference; fileEncoding = 4; lastKnownFileType = sourcecode.swift; path = BaseClass.swift; sourceTree = "<group>"; };
		07B2EB4A2A47FB3E0081DBF5 /* ApiManager.swift */ = {isa = PBXFileReference; lastKnownFileType = sourcecode.swift; path = ApiManager.swift; sourceTree = "<group>"; };
		07B2EB4D2A49521B0081DBF5 /* BasePresenter.swift */ = {isa = PBXFileReference; lastKnownFileType = sourcecode.swift; path = BasePresenter.swift; sourceTree = "<group>"; };
		8E7F1FC558ACA8DDEC9D51B1 /* Pods_MVP_List_demo.framework */ = {isa = PBXFileReference; explicitFileType = wrapper.framework; includeInIndex = 0; path = Pods_MVP_List_demo.framework; sourceTree = BUILT_PRODUCTS_DIR; };
		A7274F6CBD846A17544052BA /* Pods-MVP-List-demo.release.xcconfig */ = {isa = PBXFileReference; includeInIndex = 1; lastKnownFileType = text.xcconfig; name = "Pods-MVP-List-demo.release.xcconfig"; path = "Target Support Files/Pods-MVP-List-demo/Pods-MVP-List-demo.release.xcconfig"; sourceTree = "<group>"; };
		F3D68B5FE98944EEED31DFF1 /* Pods-MVP-List-demo.debug.xcconfig */ = {isa = PBXFileReference; includeInIndex = 1; lastKnownFileType = text.xcconfig; name = "Pods-MVP-List-demo.debug.xcconfig"; path = "Target Support Files/Pods-MVP-List-demo/Pods-MVP-List-demo.debug.xcconfig"; sourceTree = "<group>"; };
/* End PBXFileReference section */

/* Begin PBXFrameworksBuildPhase section */
		07B2EB152A440EC80081DBF5 /* Frameworks */ = {
			isa = PBXFrameworksBuildPhase;
			buildActionMask = 2147483647;
			files = (
				2A56AC398A991AA7A20F03B9 /* Pods_MVP_List_demo.framework in Frameworks */,
			);
			runOnlyForDeploymentPostprocessing = 0;
		};
/* End PBXFrameworksBuildPhase section */

/* Begin PBXGroup section */
		07B2EB0F2A440EC80081DBF5 = {
			isa = PBXGroup;
			children = (
				07B2EB1A2A440EC80081DBF5 /* MVP-List-demo */,
				07B2EB192A440EC80081DBF5 /* Products */,
				CBB8D8C37A3DB865362AB4E7 /* Pods */,
				30A69087240DC1863E5A9566 /* Frameworks */,
			);
			sourceTree = "<group>";
		};
		07B2EB192A440EC80081DBF5 /* Products */ = {
			isa = PBXGroup;
			children = (
				07B2EB182A440EC80081DBF5 /* MVP-List-demo.app */,
			);
			name = Products;
			sourceTree = "<group>";
		};
		07B2EB1A2A440EC80081DBF5 /* MVP-List-demo */ = {
			isa = PBXGroup;
			children = (
				07B2EB4F2A527B460081DBF5 /* Common */,
				07B2EB492A47FB2D0081DBF5 /* Api */,
				07B2EB3B2A4410480081DBF5 /* Product Detail  */,
				07B2EB2F2A440F5B0081DBF5 /* HomePage */,
				07B2EB1B2A440EC80081DBF5 /* AppDelegate.swift */,
				07B2EB1D2A440EC80081DBF5 /* SceneDelegate.swift */,
				07B2EB212A440EC80081DBF5 /* Main.storyboard */,
				07B2EB242A440ECB0081DBF5 /* Assets.xcassets */,
				07B2EB262A440ECB0081DBF5 /* LaunchScreen.storyboard */,
				07B2EB292A440ECB0081DBF5 /* Info.plist */,
			);
			path = "MVP-List-demo";
			sourceTree = "<group>";
		};
		07B2EB2F2A440F5B0081DBF5 /* HomePage */ = {
			isa = PBXGroup;
			children = (
				07B2EB382A44102C0081DBF5 /* Presenter */,
				07B2EB332A44101D0081DBF5 /* View */,
				07B2EB302A44100F0081DBF5 /* Model */,
			);
			path = HomePage;
			sourceTree = "<group>";
		};
		07B2EB302A44100F0081DBF5 /* Model */ = {
			isa = PBXGroup;
			children = (
				07B2EB312A44100F0081DBF5 /* Products.swift */,
			);
			path = Model;
			sourceTree = "<group>";
		};
		07B2EB332A44101D0081DBF5 /* View */ = {
			isa = PBXGroup;
			children = (
				07B2EB342A44101D0081DBF5 /* HomeController.swift */,
				07B2EB352A44101D0081DBF5 /* ProductListCell.swift */,
			);
			path = View;
			sourceTree = "<group>";
		};
		07B2EB382A44102C0081DBF5 /* Presenter */ = {
			isa = PBXGroup;
			children = (
				07B2EB392A44102C0081DBF5 /* HomePresenter.swift */,
			);
			path = Presenter;
			sourceTree = "<group>";
		};
		07B2EB3B2A4410480081DBF5 /* Product Detail  */ = {
			isa = PBXGroup;
			children = (
				07B2EB3D2A4410480081DBF5 /* ProductDetailsViewController.swift */,
				07B2EB3E2A4410480081DBF5 /* ProductImageCell.swift */,
				07B2EB3F2A4410480081DBF5 /* ImageDescriptionTableViewCell.swift */,
				07B2EB3C2A4410480081DBF5 /* ProductDescriptionTableViewCell.swift */,
			);
			path = "Product Detail ";
			sourceTree = "<group>";
		};
		07B2EB492A47FB2D0081DBF5 /* Api */ = {
			isa = PBXGroup;
			children = (
				07B2EB4A2A47FB3E0081DBF5 /* ApiManager.swift */,
			);
			path = Api;
			sourceTree = "<group>";
		};
		07B2EB4F2A527B460081DBF5 /* Common */ = {
			isa = PBXGroup;
			children = (
				07B2EB452A4411DB0081DBF5 /* BaseClass.swift */,
				0715B7842A5C6F9E00FF07E6 /* LoadingIndicatorView.swift */,
				07B2EB4D2A49521B0081DBF5 /* BasePresenter.swift */,
			);
			path = Common;
			sourceTree = "<group>";
		};
		30A69087240DC1863E5A9566 /* Frameworks */ = {
			isa = PBXGroup;
			children = (
				8E7F1FC558ACA8DDEC9D51B1 /* Pods_MVP_List_demo.framework */,
			);
			name = Frameworks;
			sourceTree = "<group>";
		};
		CBB8D8C37A3DB865362AB4E7 /* Pods */ = {
			isa = PBXGroup;
			children = (
				F3D68B5FE98944EEED31DFF1 /* Pods-MVP-List-demo.debug.xcconfig */,
				A7274F6CBD846A17544052BA /* Pods-MVP-List-demo.release.xcconfig */,
			);
			path = Pods;
			sourceTree = "<group>";
		};
/* End PBXGroup section */

/* Begin PBXNativeTarget section */
		07B2EB172A440EC80081DBF5 /* MVP-List-demo */ = {
			isa = PBXNativeTarget;
			buildConfigurationList = 07B2EB2C2A440ECB0081DBF5 /* Build configuration list for PBXNativeTarget "MVP-List-demo" */;
			buildPhases = (
				EE9327147ACBCD8EA3DFBEF7 /* [CP] Check Pods Manifest.lock */,
				07B2EB142A440EC80081DBF5 /* Sources */,
				07B2EB152A440EC80081DBF5 /* Frameworks */,
				07B2EB162A440EC80081DBF5 /* Resources */,
				3D4691B7AF7F5C997A5E3AB6 /* [CP] Embed Pods Frameworks */,
			);
			buildRules = (
			);
			dependencies = (
			);
			name = "MVP-List-demo";
			productName = "MVP-List-demo";
			productReference = 07B2EB182A440EC80081DBF5 /* MVP-List-demo.app */;
			productType = "com.apple.product-type.application";
		};
/* End PBXNativeTarget section */

/* Begin PBXProject section */
		07B2EB102A440EC80081DBF5 /* Project object */ = {
			isa = PBXProject;
			attributes = {
				BuildIndependentTargetsInParallel = 1;
				LastSwiftUpdateCheck = 1320;
				LastUpgradeCheck = 1320;
				TargetAttributes = {
					07B2EB172A440EC80081DBF5 = {
						CreatedOnToolsVersion = 13.2.1;
					};
				};
			};
			buildConfigurationList = 07B2EB132A440EC80081DBF5 /* Build configuration list for PBXProject "MVP-List-demo" */;
			compatibilityVersion = "Xcode 13.0";
			developmentRegion = en;
			hasScannedForEncodings = 0;
			knownRegions = (
				en,
				Base,
			);
			mainGroup = 07B2EB0F2A440EC80081DBF5;
			productRefGroup = 07B2EB192A440EC80081DBF5 /* Products */;
			projectDirPath = "";
			projectRoot = "";
			targets = (
				07B2EB172A440EC80081DBF5 /* MVP-List-demo */,
			);
		};
/* End PBXProject section */

/* Begin PBXResourcesBuildPhase section */
		07B2EB162A440EC80081DBF5 /* Resources */ = {
			isa = PBXResourcesBuildPhase;
			buildActionMask = 2147483647;
			files = (
				07B2EB282A440ECB0081DBF5 /* LaunchScreen.storyboard in Resources */,
				07B2EB252A440ECB0081DBF5 /* Assets.xcassets in Resources */,
				07B2EB232A440EC80081DBF5 /* Main.storyboard in Resources */,
			);
			runOnlyForDeploymentPostprocessing = 0;
		};
/* End PBXResourcesBuildPhase section */

/* Begin PBXShellScriptBuildPhase section */
		3D4691B7AF7F5C997A5E3AB6 /* [CP] Embed Pods Frameworks */ = {
			isa = PBXShellScriptBuildPhase;
			buildActionMask = 2147483647;
			files = (
			);
			inputFileListPaths = (
				"${PODS_ROOT}/Target Support Files/Pods-MVP-List-demo/Pods-MVP-List-demo-frameworks-${CONFIGURATION}-input-files.xcfilelist",
			);
			name = "[CP] Embed Pods Frameworks";
			outputFileListPaths = (
				"${PODS_ROOT}/Target Support Files/Pods-MVP-List-demo/Pods-MVP-List-demo-frameworks-${CONFIGURATION}-output-files.xcfilelist",
			);
			runOnlyForDeploymentPostprocessing = 0;
			shellPath = /bin/sh;
			shellScript = "\"${PODS_ROOT}/Target Support Files/Pods-MVP-List-demo/Pods-MVP-List-demo-frameworks.sh\"\n";
			showEnvVarsInLog = 0;
		};
		EE9327147ACBCD8EA3DFBEF7 /* [CP] Check Pods Manifest.lock */ = {
			isa = PBXShellScriptBuildPhase;
			buildActionMask = 2147483647;
			files = (
			);
			inputFileListPaths = (
			);
			inputPaths = (
				"${PODS_PODFILE_DIR_PATH}/Podfile.lock",
				"${PODS_ROOT}/Manifest.lock",
			);
			name = "[CP] Check Pods Manifest.lock";
			outputFileListPaths = (
			);
			outputPaths = (
				"$(DERIVED_FILE_DIR)/Pods-MVP-List-demo-checkManifestLockResult.txt",
			);
			runOnlyForDeploymentPostprocessing = 0;
			shellPath = /bin/sh;
			shellScript = "diff \"${PODS_PODFILE_DIR_PATH}/Podfile.lock\" \"${PODS_ROOT}/Manifest.lock\" > /dev/null\nif [ $? != 0 ] ; then\n    # print error to STDERR\n    echo \"error: The sandbox is not in sync with the Podfile.lock. Run 'pod install' or update your CocoaPods installation.\" >&2\n    exit 1\nfi\n# This output is used by Xcode 'outputs' to avoid re-running this script phase.\necho \"SUCCESS\" > \"${SCRIPT_OUTPUT_FILE_0}\"\n";
			showEnvVarsInLog = 0;
		};
/* End PBXShellScriptBuildPhase section */

/* Begin PBXSourcesBuildPhase section */
		07B2EB142A440EC80081DBF5 /* Sources */ = {
			isa = PBXSourcesBuildPhase;
			buildActionMask = 2147483647;
			files = (
				07B2EB402A4410480081DBF5 /* ProductDescriptionTableViewCell.swift in Sources */,
				07B2EB432A4410480081DBF5 /* ImageDescriptionTableViewCell.swift in Sources */,
				07B2EB3A2A44102C0081DBF5 /* HomePresenter.swift in Sources */,
				07B2EB322A44100F0081DBF5 /* Products.swift in Sources */,
				07B2EB4B2A47FB3E0081DBF5 /* ApiManager.swift in Sources */,
				07B2EB1C2A440EC80081DBF5 /* AppDelegate.swift in Sources */,
				07B2EB372A44101D0081DBF5 /* ProductListCell.swift in Sources */,
				07B2EB472A4411DB0081DBF5 /* BaseClass.swift in Sources */,
				07B2EB4E2A49521B0081DBF5 /* BasePresenter.swift in Sources */,
				07B2EB412A4410480081DBF5 /* ProductDetailsViewController.swift in Sources */,
				07B2EB422A4410480081DBF5 /* ProductImageCell.swift in Sources */,
				0715B7852A5C6F9E00FF07E6 /* LoadingIndicatorView.swift in Sources */,
				07B2EB1E2A440EC80081DBF5 /* SceneDelegate.swift in Sources */,
				07B2EB362A44101D0081DBF5 /* HomeController.swift in Sources */,
			);
			runOnlyForDeploymentPostprocessing = 0;
		};
/* End PBXSourcesBuildPhase section */

/* Begin PBXVariantGroup section */
		07B2EB212A440EC80081DBF5 /* Main.storyboard */ = {
			isa = PBXVariantGroup;
			children = (
				07B2EB222A440EC80081DBF5 /* Base */,
			);
			name = Main.storyboard;
			sourceTree = "<group>";
		};
		07B2EB262A440ECB0081DBF5 /* LaunchScreen.storyboard */ = {
			isa = PBXVariantGroup;
			children = (
				07B2EB272A440ECB0081DBF5 /* Base */,
			);
			name = LaunchScreen.storyboard;
			sourceTree = "<group>";
		};
/* End PBXVariantGroup section */

/* Begin XCBuildConfiguration section */
		07B2EB2A2A440ECB0081DBF5 /* Debug */ = {
			isa = XCBuildConfiguration;
			buildSettings = {
				ALWAYS_SEARCH_USER_PATHS = NO;
				CLANG_ANALYZER_NONNULL = YES;
				CLANG_ANALYZER_NUMBER_OBJECT_CONVERSION = YES_AGGRESSIVE;
				CLANG_CXX_LANGUAGE_STANDARD = "gnu++17";
				CLANG_CXX_LIBRARY = "libc++";
				CLANG_ENABLE_MODULES = YES;
				CLANG_ENABLE_OBJC_ARC = YES;
				CLANG_ENABLE_OBJC_WEAK = YES;
				CLANG_WARN_BLOCK_CAPTURE_AUTORELEASING = YES;
				CLANG_WARN_BOOL_CONVERSION = YES;
				CLANG_WARN_COMMA = YES;
				CLANG_WARN_CONSTANT_CONVERSION = YES;
				CLANG_WARN_DEPRECATED_OBJC_IMPLEMENTATIONS = YES;
				CLANG_WARN_DIRECT_OBJC_ISA_USAGE = YES_ERROR;
				CLANG_WARN_DOCUMENTATION_COMMENTS = YES;
				CLANG_WARN_EMPTY_BODY = YES;
				CLANG_WARN_ENUM_CONVERSION = YES;
				CLANG_WARN_INFINITE_RECURSION = YES;
				CLANG_WARN_INT_CONVERSION = YES;
				CLANG_WARN_NON_LITERAL_NULL_CONVERSION = YES;
				CLANG_WARN_OBJC_IMPLICIT_RETAIN_SELF = YES;
				CLANG_WARN_OBJC_LITERAL_CONVERSION = YES;
				CLANG_WARN_OBJC_ROOT_CLASS = YES_ERROR;
				CLANG_WARN_QUOTED_INCLUDE_IN_FRAMEWORK_HEADER = YES;
				CLANG_WARN_RANGE_LOOP_ANALYSIS = YES;
				CLANG_WARN_STRICT_PROTOTYPES = YES;
				CLANG_WARN_SUSPICIOUS_MOVE = YES;
				CLANG_WARN_UNGUARDED_AVAILABILITY = YES_AGGRESSIVE;
				CLANG_WARN_UNREACHABLE_CODE = YES;
				CLANG_WARN__DUPLICATE_METHOD_MATCH = YES;
				COPY_PHASE_STRIP = NO;
				DEBUG_INFORMATION_FORMAT = dwarf;
				ENABLE_STRICT_OBJC_MSGSEND = YES;
				ENABLE_TESTABILITY = YES;
				GCC_C_LANGUAGE_STANDARD = gnu11;
				GCC_DYNAMIC_NO_PIC = NO;
				GCC_NO_COMMON_BLOCKS = YES;
				GCC_OPTIMIZATION_LEVEL = 0;
				GCC_PREPROCESSOR_DEFINITIONS = (
					"DEBUG=1",
					"$(inherited)",
				);
				GCC_WARN_64_TO_32_BIT_CONVERSION = YES;
				GCC_WARN_ABOUT_RETURN_TYPE = YES_ERROR;
				GCC_WARN_UNDECLARED_SELECTOR = YES;
				GCC_WARN_UNINITIALIZED_AUTOS = YES_AGGRESSIVE;
				GCC_WARN_UNUSED_FUNCTION = YES;
				GCC_WARN_UNUSED_VARIABLE = YES;
				IPHONEOS_DEPLOYMENT_TARGET = 15.2;
				MTL_ENABLE_DEBUG_INFO = INCLUDE_SOURCE;
				MTL_FAST_MATH = YES;
				ONLY_ACTIVE_ARCH = YES;
				SDKROOT = iphoneos;
				SWIFT_ACTIVE_COMPILATION_CONDITIONS = DEBUG;
				SWIFT_OPTIMIZATION_LEVEL = "-Onone";
			};
			name = Debug;
		};
		07B2EB2B2A440ECB0081DBF5 /* Release */ = {
			isa = XCBuildConfiguration;
			buildSettings = {
				ALWAYS_SEARCH_USER_PATHS = NO;
				CLANG_ANALYZER_NONNULL = YES;
				CLANG_ANALYZER_NUMBER_OBJECT_CONVERSION = YES_AGGRESSIVE;
				CLANG_CXX_LANGUAGE_STANDARD = "gnu++17";
				CLANG_CXX_LIBRARY = "libc++";
				CLANG_ENABLE_MODULES = YES;
				CLANG_ENABLE_OBJC_ARC = YES;
				CLANG_ENABLE_OBJC_WEAK = YES;
				CLANG_WARN_BLOCK_CAPTURE_AUTORELEASING = YES;
				CLANG_WARN_BOOL_CONVERSION = YES;
				CLANG_WARN_COMMA = YES;
				CLANG_WARN_CONSTANT_CONVERSION = YES;
				CLANG_WARN_DEPRECATED_OBJC_IMPLEMENTATIONS = YES;
				CLANG_WARN_DIRECT_OBJC_ISA_USAGE = YES_ERROR;
				CLANG_WARN_DOCUMENTATION_COMMENTS = YES;
				CLANG_WARN_EMPTY_BODY = YES;
				CLANG_WARN_ENUM_CONVERSION = YES;
				CLANG_WARN_INFINITE_RECURSION = YES;
				CLANG_WARN_INT_CONVERSION = YES;
				CLANG_WARN_NON_LITERAL_NULL_CONVERSION = YES;
				CLANG_WARN_OBJC_IMPLICIT_RETAIN_SELF = YES;
				CLANG_WARN_OBJC_LITERAL_CONVERSION = YES;
				CLANG_WARN_OBJC_ROOT_CLASS = YES_ERROR;
				CLANG_WARN_QUOTED_INCLUDE_IN_FRAMEWORK_HEADER = YES;
				CLANG_WARN_RANGE_LOOP_ANALYSIS = YES;
				CLANG_WARN_STRICT_PROTOTYPES = YES;
				CLANG_WARN_SUSPICIOUS_MOVE = YES;
				CLANG_WARN_UNGUARDED_AVAILABILITY = YES_AGGRESSIVE;
				CLANG_WARN_UNREACHABLE_CODE = YES;
				CLANG_WARN__DUPLICATE_METHOD_MATCH = YES;
				COPY_PHASE_STRIP = NO;
				DEBUG_INFORMATION_FORMAT = "dwarf-with-dsym";
				ENABLE_NS_ASSERTIONS = NO;
				ENABLE_STRICT_OBJC_MSGSEND = YES;
				GCC_C_LANGUAGE_STANDARD = gnu11;
				GCC_NO_COMMON_BLOCKS = YES;
				GCC_WARN_64_TO_32_BIT_CONVERSION = YES;
				GCC_WARN_ABOUT_RETURN_TYPE = YES_ERROR;
				GCC_WARN_UNDECLARED_SELECTOR = YES;
				GCC_WARN_UNINITIALIZED_AUTOS = YES_AGGRESSIVE;
				GCC_WARN_UNUSED_FUNCTION = YES;
				GCC_WARN_UNUSED_VARIABLE = YES;
				IPHONEOS_DEPLOYMENT_TARGET = 15.2;
				MTL_ENABLE_DEBUG_INFO = NO;
				MTL_FAST_MATH = YES;
				SDKROOT = iphoneos;
				SWIFT_COMPILATION_MODE = wholemodule;
				SWIFT_OPTIMIZATION_LEVEL = "-O";
				VALIDATE_PRODUCT = YES;
			};
			name = Release;
		};
		07B2EB2D2A440ECB0081DBF5 /* Debug */ = {
			isa = XCBuildConfiguration;
			baseConfigurationReference = F3D68B5FE98944EEED31DFF1 /* Pods-MVP-List-demo.debug.xcconfig */;
			buildSettings = {
				ASSETCATALOG_COMPILER_APPICON_NAME = AppIcon;
				ASSETCATALOG_COMPILER_GLOBAL_ACCENT_COLOR_NAME = AccentColor;
				CODE_SIGN_STYLE = Automatic;
				CURRENT_PROJECT_VERSION = 1;
				DEVELOPMENT_TEAM = D6U9R6DD6W;
				GENERATE_INFOPLIST_FILE = YES;
				INFOPLIST_FILE = "MVP-List-demo/Info.plist";
				INFOPLIST_KEY_UIApplicationSupportsIndirectInputEvents = YES;
				INFOPLIST_KEY_UILaunchStoryboardName = LaunchScreen;
				INFOPLIST_KEY_UIMainStoryboardFile = Main;
				INFOPLIST_KEY_UISupportedInterfaceOrientations_iPad = "UIInterfaceOrientationPortrait UIInterfaceOrientationPortraitUpsideDown UIInterfaceOrientationLandscapeLeft UIInterfaceOrientationLandscapeRight";
				INFOPLIST_KEY_UISupportedInterfaceOrientations_iPhone = "UIInterfaceOrientationPortrait UIInterfaceOrientationLandscapeLeft UIInterfaceOrientationLandscapeRight";
				LD_RUNPATH_SEARCH_PATHS = (
					"$(inherited)",
					"@executable_path/Frameworks",
				);
				MARKETING_VERSION = 1.0;
				PRODUCT_BUNDLE_IDENTIFIER = "com.junaid.MVP-List-demo";
				PRODUCT_NAME = "$(TARGET_NAME)";
				SWIFT_EMIT_LOC_STRINGS = YES;
				SWIFT_VERSION = 5.0;
				TARGETED_DEVICE_FAMILY = "1,2";
			};
			name = Debug;
		};
		07B2EB2E2A440ECB0081DBF5 /* Release */ = {
			isa = XCBuildConfiguration;
			baseConfigurationReference = A7274F6CBD846A17544052BA /* Pods-MVP-List-demo.release.xcconfig */;
			buildSettings = {
				ASSETCATALOG_COMPILER_APPICON_NAME = AppIcon;
				ASSETCATALOG_COMPILER_GLOBAL_ACCENT_COLOR_NAME = AccentColor;
				CODE_SIGN_STYLE = Automatic;
				CURRENT_PROJECT_VERSION = 1;
				DEVELOPMENT_TEAM = D6U9R6DD6W;
				GENERATE_INFOPLIST_FILE = YES;
				INFOPLIST_FILE = "MVP-List-demo/Info.plist";
				INFOPLIST_KEY_UIApplicationSupportsIndirectInputEvents = YES;
				INFOPLIST_KEY_UILaunchStoryboardName = LaunchScreen;
				INFOPLIST_KEY_UIMainStoryboardFile = Main;
				INFOPLIST_KEY_UISupportedInterfaceOrientations_iPad = "UIInterfaceOrientationPortrait UIInterfaceOrientationPortraitUpsideDown UIInterfaceOrientationLandscapeLeft UIInterfaceOrientationLandscapeRight";
				INFOPLIST_KEY_UISupportedInterfaceOrientations_iPhone = "UIInterfaceOrientationPortrait UIInterfaceOrientationLandscapeLeft UIInterfaceOrientationLandscapeRight";
				LD_RUNPATH_SEARCH_PATHS = (
					"$(inherited)",
					"@executable_path/Frameworks",
				);
				MARKETING_VERSION = 1.0;
				PRODUCT_BUNDLE_IDENTIFIER = "com.junaid.MVP-List-demo";
				PRODUCT_NAME = "$(TARGET_NAME)";
				SWIFT_EMIT_LOC_STRINGS = YES;
				SWIFT_VERSION = 5.0;
				TARGETED_DEVICE_FAMILY = "1,2";
			};
			name = Release;
		};
/* End XCBuildConfiguration section */

/* Begin XCConfigurationList section */
		07B2EB132A440EC80081DBF5 /* Build configuration list for PBXProject "MVP-List-demo" */ = {
			isa = XCConfigurationList;
			buildConfigurations = (
				07B2EB2A2A440ECB0081DBF5 /* Debug */,
				07B2EB2B2A440ECB0081DBF5 /* Release */,
			);
			defaultConfigurationIsVisible = 0;
			defaultConfigurationName = Release;
		};
		07B2EB2C2A440ECB0081DBF5 /* Build configuration list for PBXNativeTarget "MVP-List-demo" */ = {
			isa = XCConfigurationList;
			buildConfigurations = (
				07B2EB2D2A440ECB0081DBF5 /* Debug */,
				07B2EB2E2A440ECB0081DBF5 /* Release */,
			);
			defaultConfigurationIsVisible = 0;
			defaultConfigurationName = Release;
		};
/* End XCConfigurationList section */
	};
	rootObject = 07B2EB102A440EC80081DBF5 /* Project object */;
}
